{
  "lockfile_version": "1",
  "packages": {
    "github:NixOS/nixpkgs/nixpkgs-unstable": {
      "last_modified": "2026-04-15T12:22:54Z",
      "resolved": "github:NixOS/nixpkgs/566acc07c54dc807f91625bb286cb9b321b5f42a?lastModified=1776255774"
    },
    "kind@0.30.0": {
      "last_modified": "2025-11-23T21:50:36Z",
      "resolved": "github:NixOS/nixpkgs/ee09932cedcef15aaf476f9343d1dea2cb77e261#kind",
      "source": "devbox-search",
      "version": "0.30.0",
      "systems": {
        "aarch64-darwin": {
          "outputs": [
            {
              "name": "out",
              "path": "/nix/store/jblfpm03jma7rvpp8fzfj2kz7mcf1jd5-kind-0.30.0",
              "default": true
            }
          ],
          "store_path": "/nix/store/jblfpm03jma7rvpp8fzfj2kz7mcf1jd5-kind-0.30.0"
        },
        "aarch64-linux": {
          "outputs": [
            {
              "name": "out",
              "path": "/nix/store/n3m0677g45dr7fqsvmi8hbl8b3rqqhbm-kind-0.30.0",
              "default": true
            }
          ],
          "store_path": "/nix/store/n3m0677g45dr7fqsvmi8hbl8b3rqqhbm-kind-0.30.0"
        },
        "x86_64-darwin": {
          "outputs": [
            {
              "name": "out",
              "path": "/nix/store/41irix8nxj2m46lbj896ndsy2hgi40m4-kind-0.30.0",
              "default": true
            }
          ],
          "store_path": "/nix/store/41irix8nxj2m46lbj896ndsy2hgi40m4-kind-0.30.0"
        },
        "x86_64-linux": {
          "outputs": [
            {
              "name": "out",
              "path": "/nix/store/ahhxkqw37kfs0yjqn6srxfq4vyxnkbq6-kind-0.30.0",
              "default": true
            }
          ],
          "store_path": "/nix/store/ahhxkqw37kfs0yjqn6srxfq4vyxnkbq6-kind-0.30.0"
        }
      }
    },
    "kubeconform@0.7.0": {
      "last_modified": "2026-04-16T08:46:55Z",
      "resolved": "github:NixOS/nixpkgs/b86751bc4085f48661017fa226dee99fab6c651b#kubeconform",
      "source": "devbox-search",
      "version": "0.7.0",
      "systems": {
        "aarch64-darwin": {
          "outputs": [
            {
              "name": "out",
              "path": "/nix/store/wq56rj3k65ri4g248fwbs7ln2i6c7p38-kubeconform-0.7.0",
              "default": true
            }
          ],
          "store_path": "/nix/store/wq56rj3k65ri4g248fwbs7ln2i6c7p38-kubeconform-0.7.0"
        },
        "aarch64-linux": {
          "outputs": [
            {
              "name": "out",
              "path": "/nix/store/0bza6d3r7b62rdfl2g471qwfq3l960nk-kubeconform-0.7.0",
              "default": true
            }
          ],
          "store_path": "/nix/store/0bza6d3r7b62rdfl2g471qwfq3l960nk-kubeconform-0.7.0"
        },
        "x86_64-darwin": {
          "outputs": [
            {
              "name": "out",
              "path": "/nix/store/pqmgv0c0ppif0ayml2yvf03lp7ca7814-kubeconform-0.7.0",
              "default": true
            }
          ],
          "store_path": "/nix/store/pqmgv0c0ppif0ayml2yvf03lp7ca7814-kubeconform-0.7.0"
        },
        "x86_64-linux": {
          "outputs": [
            {
              "name": "out",
              "path": "/nix/store/g599qnhjp20qwr69grdbwfzixwxfzdpr-kubeconform-0.7.0",
              "default": true
            }
          ],
          "store_path": "/nix/store/g599qnhjp20qwr69grdbwfzixwxfzdpr-kubeconform-0.7.0"
        }
      }
    },
    "kubectl@1.34.3": {
      "last_modified": "2025-12-31T03:27:36Z",
      "resolved": "github:NixOS/nixpkgs/f665af0cdb70ed27e1bd8f9fdfecaf451260fc55#kubectl",
      "source": "devbox-search",
      "version": "1.34.3",
      "systems": {
        "aarch64-darwin": {
          "outputs": [
            {
              "name": "out",
              "path": "/nix/store/c71lz1967mm66c9g3app5c6kqlbk61g0-kubectl-1.34.3",
              "default": true
            },
            {
              "name": "man",
              "path": "/nix/store/fcnijkgxaj8lyf5mw984gf2nby5ak327-kubectl-1.34.3-man",
              "default": true
            },
            {
              "name": "convert",
              "path": "/nix/store/szh8dvly7l0d0zi9zzhi564lnpg1r3sv-kubectl-1.34.3-convert"
            }
          ],
          "store_path": "/nix/store/c71lz1967mm66c9g3app5c6kqlbk61g0-kubectl-1.34.3"
        },
        "aarch64-linux": {
          "outputs": [
            {
              "name": "out",
              "path": "/nix/store/6xpr560plpxxm3p6l82maidzcyai81qa-kubectl-1.34.3",
              "default": true
            },
            {
              "name": "man",
              "path": "/nix/store/171yi490kpxvb28zbyj0ackl7f00r89r-kubectl-1.34.3-man",
              "default": true
            },
            {
              "name": "convert",
              "path": "/nix/store/qb261vfrjghmgk7jfqrfbl237s4r1nz8-kubectl-1.34.3-convert"
            }
          ],
          "store_path": "/nix/store/6xpr560plpxxm3p6l82maidzcyai81qa-kubectl-1.34.3"
        },
        "x86_64-darwin": {
          "outputs": [
            {
              "name": "out",
              "path": "/nix/store/fgg8vgqk6a8bxqf1pd7nqvdihmdaxvww-kubectl-1.34.3",
              "default": true
            },
            {
              "name": "man",
              "path": "/nix/store/9lkn22v4rz5k410kx4d8ari4i0chbqcv-kubectl-1.34.3-man",
              "default": true
            },
            {
              "name": "convert",
              "path": "/nix/store/z440qi75bbvlc9f8b5811wjnw28m5p8c-kubectl-1.34.3-convert"
            }
          ],
          "store_path": "/nix/store/fgg8vgqk6a8bxqf1pd7nqvdihmdaxvww-kubectl-1.34.3"
        },
        "x86_64-linux": {
          "outputs": [
            {
              "name": "out",
              "path": "/nix/store/1ricrs8fhz0xijgqz7v81wjy8xc1249q-kubectl-1.34.3",
              "default": true
            },
            {
              "name": "man",
              "path": "/nix/store/pxidw0l09lrlca2hn5b0jfqsz5935dkp-kubectl-1.34.3-man",
              "default": true
            },
            {
              "name": "convert",
              "path": "/nix/store/d2s64m9ag9bdsml0wbmlx9g55kk39hp4-kubectl-1.34.3-convert"
            }
          ],
          "store_path": "/nix/store/1ricrs8fhz0xijgqz7v81wjy8xc1249q-kubectl-1.34.3"
        }
      }
    },
    "kubernetes-helm@3.19.1": {
      "last_modified": "2026-03-21T07:29:51Z",
      "resolved": "github:NixOS/nixpkgs/09061f748ee21f68a089cd5d91ec1859cd93d0be#kubernetes-helm",
      "source": "devbox-search",
      "version": "3.19.1",
      "systems": {
        "aarch64-darwin": {
          "outputs": [
            {
              "name": "out",
              "path": "/nix/store/lj80z1b76xig3lfn0s0cmj1lff99jrq3-kubernetes-helm-3.19.1",
              "default": true
            }
          ],
          "store_path": "/nix/store/lj80z1b76xig3lfn0s0cmj1lff99jrq3-kubernetes-helm-3.19.1"
        },
        "aarch64-linux": {
          "outputs": [
            {
              "name": "out",
              "path": "/nix/store/zzzspvhp2sxrcii8g6gi65c78mmc5ifg-kubernetes-helm-3.19.1",
              "default": true
            }
          ],
          "store_path": "/nix/store/zzzspvhp2sxrcii8g6gi65c78mmc5ifg-kubernetes-helm-3.19.1"
        },
        "x86_64-darwin": {
          "outputs": [
            {
              "name": "out",
              "path": "/nix/store/5wig6vkavjfp1jd3qbx9mbyiiqbfsa75-kubernetes-helm-3.19.1",
              "default": true
            }
          ],
          "store_path": "/nix/store/5wig6vkavjfp1jd3qbx9mbyiiqbfsa75-kubernetes-helm-3.19.1"
        },
        "x86_64-linux": {
          "outputs": [
            {
              "name": "out",
              "path": "/nix/store/6gdpshqw9zx0iz7g6xdkbkxkd5xc6kdd-kubernetes-helm-3.19.1",
              "default": true
            }
          ],
          "store_path": "/nix/store/6gdpshqw9zx0iz7g6xdkbkxkd5xc6kdd-kubernetes-helm-3.19.1"
        }
      }
    },
    "kyverno-chainsaw@0.2.13": {
      "last_modified": "2025-11-23T21:50:36Z",
      "resolved": "github:NixOS/nixpkgs/ee09932cedcef15aaf476f9343d1dea2cb77e261#kyverno-chainsaw",
      "source": "devbox-search",
      "version": "0.2.13",
      "systems": {
        "aarch64-darwin": {
          "outputs": [
            {
              "name": "out",
              "path": "/nix/store/x87l3ih7ckzaz00kwcyl8h70pr9nfps1-kyverno-chainsaw-0.2.13",
              "default": true
            }
          ],
          "store_path": "/nix/store/x87l3ih7ckzaz00kwcyl8h70pr9nfps1-kyverno-chainsaw-0.2.13"
        },
        "aarch64-linux": {
          "outputs": [
            {
              "name": "out",
              "path": "/nix/store/vyppacrjhygw9l72li2ws4vryjp7d8aj-kyverno-chainsaw-0.2.13",
              "default": true
            }
          ],
          "store_path": "/nix/store/vyppacrjhygw9l72li2ws4vryjp7d8aj-kyverno-chainsaw-0.2.13"
        },
        "x86_64-darwin": {
          "outputs": [
            {
              "name": "out",
              "path": "/nix/store/gas20ildz3c6cn6rn158hq3spqzl9n1f-kyverno-chainsaw-0.2.13",
              "default": true
            }
          ],
          "store_path": "/nix/store/gas20ildz3c6cn6rn158hq3spqzl9n1f-kyverno-chainsaw-0.2.13"
        },
        "x86_64-linux": {
          "outputs": [
            {
              "name": "out",
              "path": "/nix/store/67d9slhrk957fjq5dqxwmd8qcjxcz3wg-kyverno-chainsaw-0.2.13",
              "default": true
            }
          ],
          "store_path": "/nix/store/67d9slhrk957fjq5dqxwmd8qcjxcz3wg-kyverno-chainsaw-0.2.13"
        }
      }
    },
    "yamllint@1.37.1": {
      "last_modified": "2026-04-16T08:46:55Z",
      "resolved": "github:NixOS/nixpkgs/b86751bc4085f48661017fa226dee99fab6c651b#yamllint",
      "source": "devbox-search",
      "version": "1.37.1",
      "systems": {
        "aarch64-darwin": {
          "outputs": [
            {
              "name": "out",
              "path": "/nix/store/wp52lk8jljswszlkgamkqi0r9aing6b2-python3.13-yamllint-1.37.1",
              "default": true
            },
            {
              "name": "dist",
              "path": "/nix/store/n4cgdjhziayaa6f8inbsnxfn7m7dj6av-python3.13-yamllint-1.37.1-dist"
            }
          ],
          "store_path": "/nix/store/wp52lk8jljswszlkgamkqi0r9aing6b2-python3.13-yamllint-1.37.1"
        },
        "aarch64-linux": {
          "outputs": [
            {
              "name": "out",
              "path": "/nix/store/cnb4bg2ffkd8ph7a1gg0is0ir97axgrw-python3.13-yamllint-1.37.1",
              "default": true
            },
            {
              "name": "dist",
              "path": "/nix/store/r7x7nzr9f9qqrvjlh2zn1lhfsj5zl53p-python3.13-yamllint-1.37.1-dist"
            }
          ],
          "store_path": "/nix/store/cnb4bg2ffkd8ph7a1gg0is0ir97axgrw-python3.13-yamllint-1.37.1"
        },
        "x86_64-darwin": {
          "outputs": [
            {
              "name": "out",
              "path": "/nix/store/c44w7ql63rpll8gpm3zilfyk66ga05jj-python3.13-yamllint-1.37.1",
              "default": true
            },
            {
              "name": "dist",
              "path": "/nix/store/srq9fv2527yl60z1jlw5ar4hp0lidl1d-python3.13-yamllint-1.37.1-dist"
            }
          ],
          "store_path": "/nix/store/c44w7ql63rpll8gpm3zilfyk66ga05jj-python3.13-yamllint-1.37.1"
        },
        "x86_64-linux": {
          "outputs": [
            {
              "name": "out",
              "path": "/nix/store/rj9x2a2kw9dgvx3ilby4pam411k5qhdd-python3.13-yamllint-1.37.1",
              "default": true
            },
            {
              "name": "dist",
              "path": "/nix/store/94j466r33whxs830rfd65p1qk86c2hg1-python3.13-yamllint-1.37.1-dist"
            }
          ],
          "store_path": "/nix/store/rj9x2a2kw9dgvx3ilby4pam411k5qhdd-python3.13-yamllint-1.37.1"
        }
      }
    }
  }
}
